
Microsoft Visual Studio Solution File, Format Version 12.00
# Visual Studio Version 17
VisualStudioVersion = 17.9.34902.65
MinimumVisualStudioVersion = 10.0.40219.1
Project("{9A19103F-16F7-4668-BE54-9A1E7A4F7556}") = "Lesson01", "Lesson01\Lesson01.csproj", "{59CE27CC-A86C-4CEE-814D-5028A1C869CC}"
EndProject
Project("{FAE04EC0-301F-11D3-BF4B-00C04F79EFBC}") = "Lab01.1", "Lab01.1\Lab01.1.csproj", "{71C5AE39-52FB-4BD3-B073-B6329E01E8E5}"
EndProject
Project("{FAE04EC0-301F-11D3-BF4B-00C04F79EFBC}") = "VVTLab01.2", "VVTLab01.2\VVTLab01.2.csproj", "{A109C614-6B69-4B3B-B009-11282283F3FF}"
EndProject
Global
	GlobalSection(SolutionConfigurationPlatforms) = preSolution
		Debug|Any CPU = Debug|Any CPU
		Release|Any CPU = Release|Any CPU
	EndGlobalSection
	GlobalSection(ProjectConfigurationPlatforms) = postSolution
		{59CE27CC-A86C-4CEE-814D-5028A1C869CC}.Debug|Any CPU.ActiveCfg = Debug|Any CPU
		{59CE27CC-A86C-4CEE-814D-5028A1C869CC}.Debug|Any CPU.Build.0 = Debug|Any CPU
		{59CE27CC-A86C-4CEE-814D-5028A1C869CC}.Release|Any CPU.ActiveCfg = Release|Any CPU
		{59CE27CC-A86C-4CEE-814D-5028A1C869CC}.Release|Any CPU.Build.0 = Release|Any CPU
		{71C5AE39-52FB-4BD3-B073-B6329E01E8E5}.Debug|Any CPU.ActiveCfg = Debug|Any CPU
		{71C5AE39-52FB-4BD3-B073-B6329E01E8E5}.Debug|Any CPU.Build.0 = Debug|Any CPU
		{71C5AE39-52FB-4BD3-B073-B6329E01E8E5}.Release|Any CPU.ActiveCfg = Release|Any CPU
		{71C5AE39-52FB-4BD3-B073-B6329E01E8E5}.Release|Any CPU.Build.0 = Release|Any CPU
		{A109C614-6B69-4B3B-B009-11282283F3FF}.Debug|Any CPU.ActiveCfg = Debug|Any CPU
		{A109C614-6B69-4B3B-B009-11282283F3FF}.Debug|Any CPU.Build.0 = Debug|Any CPU
		{A109C614-6B69-4B3B-B009-11282283F3FF}.Release|Any CPU.ActiveCfg = Release|Any CPU
		{A109C614-6B69-4B3B-B009-11282283F3FF}.Release|Any CPU.Build.0 = Release|Any CPU
	EndGlobalSection
	GlobalSection(SolutionProperties) = preSolution
		HideSolutionNode = FALSE
	EndGlobalSection
	GlobalSection(ExtensibilityGlobals) = postSolution
		SolutionGuid = {AE5E4606-E652-4906-A8EB-430BE381D89C}
	EndGlobalSection
EndGlobal
